Microsoft Visual Studio Solution File, Format Version 12.00
# Visual Studio 15
VisualStudioVersion = 15.0.28307.329
MinimumVisualStudioVersion = 10.0.40219.1
Project("{FAE04EC0-301F-11D3-BF4B-00C04F79EFBC}") = "CustomViewBinding.Android", "CustomViewBinding.Android\CustomViewBinding.Android.csproj", "{26ECDA13-F836-43EB-9133-BAD805B2B252}"
EndProject
Project("{FAE04EC0-301F-11D3-BF4B-00C04F79EFBC}") = "CustomViewBinding.iOS", "CustomViewBinding.iOS\CustomViewBinding.iOS.csproj", "{5170C75E-3891-4FF5-87DD-2E7B90E81888}"
EndProject
Project("{9A19103F-16F7-4668-BE54-9A1E7A4F7556}") = "CustomViewBinding", "CustomViewBinding\CustomViewBinding.csproj", "{266AF331-6B1E-4273-9058-535D94FB7410}"
EndProject
Global
	GlobalSection(SolutionConfigurationPlatforms) = preSolution
		Ad-Hoc|Any CPU = Ad-Hoc|Any CPU
		Ad-Hoc|iPhone = Ad-Hoc|iPhone
		Ad-Hoc|iPhoneSimulator = Ad-Hoc|iPhoneSimulator
		AppStore|Any CPU = AppStore|Any CPU
		AppStore|iPhone = AppStore|iPhone
		AppStore|iPhoneSimulator = AppStore|iPhoneSimulator
		Debug|Any CPU = Debug|Any CPU
		Debug|iPhone = Debug|iPhone
		Debug|iPhoneSimulator = Debug|iPhoneSimulator
		Release|Any CPU = Release|Any CPU
		Release|iPhone = Release|iPhone
		Release|iPhoneSimulator = Release|iPhoneSimulator
	EndGlobalSection
	GlobalSection(ProjectConfigurationPlatforms) = postSolution
		{26ECDA13-F836-43EB-9133-BAD805B2B252}.Ad-Hoc|Any CPU.ActiveCfg = Release|Any CPU
		{26ECDA13-F836-43EB-9133-BAD805B2B252}.Ad-Hoc|Any CPU.Build.0 = Release|Any CPU
		{26ECDA13-F836-43EB-9133-BAD805B2B252}.Ad-Hoc|Any CPU.Deploy.0 = Release|Any CPU
		{26ECDA13-F836-43EB-9133-BAD805B2B252}.Ad-Hoc|iPhone.ActiveCfg = Debug|Any CPU
		{26ECDA13-F836-43EB-9133-BAD805B2B252}.Ad-Hoc|iPhone.Build.0 = Debug|Any CPU
		{26ECDA13-F836-43EB-9133-BAD805B2B252}.Ad-Hoc|iPhoneSimulator.ActiveCfg = Release|Any CPU
		{26ECDA13-F836-43EB-9133-BAD805B2B252}.Ad-Hoc|iPhoneSimulator.Build.0 = Release|Any CPU
		{26ECDA13-F836-43EB-9133-BAD805B2B252}.Ad-Hoc|iPhoneSimulator.Deploy.0 = Release|Any CPU
		{26ECDA13-F836-43EB-9133-BAD805B2B252}.AppStore|Any CPU.ActiveCfg = Release|Any CPU
		{26ECDA13-F836-43EB-9133-BAD805B2B252}.AppStore|Any CPU.Build.0 = Release|Any CPU
		{26ECDA13-F836-43EB-9133-BAD805B2B252}.AppStore|Any CPU.Deploy.0 = Release|Any CPU
		{26ECDA13-F836-43EB-9133-BAD805B2B252}.AppStore|iPhone.ActiveCfg = Debug|Any CPU
		{26ECDA13-F836-43EB-9133-BAD805B2B252}.AppStore|iPhone.Build.0 = Debug|Any CPU
		{26ECDA13-F836-43EB-9133-BAD805B2B252}.AppStore|iPhoneSimulator.ActiveCfg = Release|Any CPU
		{26ECDA13-F836-43EB-9133-BAD805B2B252}.AppStore|iPhoneSimulator.Build.0 = Release|Any CPU
		{26ECDA13-F836-43EB-9133-BAD805B2B252}.AppStore|iPhoneSimulator.Deploy.0 = Release|Any CPU
		{26ECDA13-F836-43EB-9133-BAD805B2B252}.Debug|Any CPU.ActiveCfg = Debug|Any CPU
		{26ECDA13-F836-43EB-9133-BAD805B2B252}.Debug|Any CPU.Build.0 = Debug|Any CPU
		{26ECDA13-F836-43EB-9133-BAD805B2B252}.Debug|Any CPU.Deploy.0 = Debug|Any CPU
		{26ECDA13-F836-43EB-9133-BAD805B2B252}.Debug|iPhone.ActiveCfg = Debug|Any CPU
		{26ECDA13-F836-43EB-9133-BAD805B2B252}.Debug|iPhone.Build.0 = Debug|Any CPU
		{26ECDA13-F836-43EB-9133-BAD805B2B252}.Debug|iPhoneSimulator.ActiveCfg = Debug|Any CPU
		{26ECDA13-F836-43EB-9133-BAD805B2B252}.Debug|iPhoneSimulator.Build.0 = Debug|Any CPU
		{26ECDA13-F836-43EB-9133-BAD805B2B252}.Release|Any CPU.ActiveCfg = Release|Any CPU
		{26ECDA13-F836-43EB-9133-BAD805B2B252}.Release|Any CPU.Build.0 = Release|Any CPU
		{26ECDA13-F836-43EB-9133-BAD805B2B252}.Release|Any CPU.Deploy.0 = Release|Any CPU
		{26ECDA13-F836-43EB-9133-BAD805B2B252}.Release|iPhone.ActiveCfg = Release|Any CPU
		{26ECDA13-F836-43EB-9133-BAD805B2B252}.Release|iPhone.Build.0 = Release|Any CPU
		{26ECDA13-F836-43EB-9133-BAD805B2B252}.Release|iPhoneSimulator.ActiveCfg = Release|Any CPU
		{26ECDA13-F836-43EB-9133-BAD805B2B252}.Release|iPhoneSimulator.Build.0 = Release|Any CPU
		{5170C75E-3891-4FF5-87DD-2E7B90E81888}.Ad-Hoc|Any CPU.ActiveCfg = Ad-Hoc|iPhoneSimulator
		{5170C75E-3891-4FF5-87DD-2E7B90E81888}.Ad-Hoc|iPhone.ActiveCfg = Ad-Hoc|iPhone
		{5170C75E-3891-4FF5-87DD-2E7B90E81888}.Ad-Hoc|iPhone.Build.0 = Ad-Hoc|iPhone
		{5170C75E-3891-4FF5-87DD-2E7B90E81888}.Ad-Hoc|iPhoneSimulator.ActiveCfg = Ad-Hoc|iPhoneSimulator
		{5170C75E-3891-4FF5-87DD-2E7B90E81888}.Ad-Hoc|iPhoneSimulator.Build.0 = Ad-Hoc|iPhoneSimulator
		{5170C75E-3891-4FF5-87DD-2E7B90E81888}.AppStore|Any CPU.ActiveCfg = Ad-Hoc|iPhoneSimulator
		{5170C75E-3891-4FF5-87DD-2E7B90E81888}.AppStore|iPhone.ActiveCfg = AppStore|iPhone
		{5170C75E-3891-4FF5-87DD-2E7B90E81888}.AppStore|iPhone.Build.0 = AppStore|iPhone
		{5170C75E-3891-4FF5-87DD-2E7B90E81888}.AppStore|iPhoneSimulator.ActiveCfg = AppStore|iPhoneSimulator
		{5170C75E-3891-4FF5-87DD-2E7B90E81888}.AppStore|iPhoneSimulator.Build.0 = AppStore|iPhoneSimulator
		{5170C75E-3891-4FF5-87DD-2E7B90E81888}.Debug|Any CPU.ActiveCfg = Ad-Hoc|iPhoneSimulator
		{5170C75E-3891-4FF5-87DD-2E7B90E81888}.Debug|iPhone.ActiveCfg = Debug|iPhone
		{5170C75E-3891-4FF5-87DD-2E7B90E81888}.Debug|iPhone.Build.0 = Debug|iPhone
		{5170C75E-3891-4FF5-87DD-2E7B90E81888}.Debug|iPhoneSimulator.ActiveCfg = Debug|iPhoneSimulator
		{5170C75E-3891-4FF5-87DD-2E7B90E81888}.Debug|iPhoneSimulator.Build.0 = Debug|iPhoneSimulator
		{5170C75E-3891-4FF5-87DD-2E7B90E81888}.Release|Any CPU.ActiveCfg = Ad-Hoc|iPhoneSimulator
		{5170C75E-3891-4FF5-87DD-2E7B90E81888}.Release|Any CPU.Build.0 = Release|iPhoneSimulator
		{5170C75E-3891-4FF5-87DD-2E7B90E81888}.Release|iPhone.ActiveCfg = Release|iPhone
		{5170C75E-3891-4FF5-87DD-2E7B90E81888}.Release|iPhone.Build.0 = Release|iPhone
		{5170C75E-3891-4FF5-87DD-2E7B90E81888}.Release|iPhoneSimulator.ActiveCfg = Release|iPhoneSimulator
		{5170C75E-3891-4FF5-87DD-2E7B90E81888}.Release|iPhoneSimulator.Build.0 = Release|iPhoneSimulator
		{266AF331-6B1E-4273-9058-535D94FB7410}.Ad-Hoc|Any CPU.ActiveCfg = Release|Any CPU
		{266AF331-6B1E-4273-9058-535D94FB7410}.Ad-Hoc|Any CPU.Build.0 = Release|Any CPU
		{266AF331-6B1E-4273-9058-535D94FB7410}.Ad-Hoc|iPhone.ActiveCfg = Debug|Any CPU
		{266AF331-6B1E-4273-9058-535D94FB7410}.Ad-Hoc|iPhone.Build.0 = Debug|Any CPU
		{266AF331-6B1E-4273-9058-535D94FB7410}.Ad-Hoc|iPhoneSimulator.ActiveCfg = Release|Any CPU
		{266AF331-6B1E-4273-9058-535D94FB7410}.Ad-Hoc|iPhoneSimulator.Build.0 = Release|Any CPU
		{266AF331-6B1E-4273-9058-535D94FB7410}.AppStore|Any CPU.ActiveCfg = Release|Any CPU
		{266AF331-6B1E-4273-9058-535D94FB7410}.AppStore|Any CPU.Build.0 = Release|Any CPU
		{266AF331-6B1E-4273-9058-535D94FB7410}.AppStore|iPhone.ActiveCfg = Debug|Any CPU
		{266AF331-6B1E-4273-9058-535D94FB7410}.AppStore|iPhone.Build.0 = Debug|Any CPU
		{266AF331-6B1E-4273-9058-535D94FB7410}.AppStore|iPhoneSimulator.ActiveCfg = Release|Any CPU
		{266AF331-6B1E-4273-9058-535D94FB7410}.AppStore|iPhoneSimulator.Build.0 = Release|Any CPU
		{266AF331-6B1E-4273-9058-535D94FB7410}.Debug|Any CPU.ActiveCfg = Debug|Any CPU
		{266AF331-6B1E-4273-9058-535D94FB7410}.Debug|Any CPU.Build.0 = Debug|Any CPU
		{266AF331-6B1E-4273-9058-535D94FB7410}.Debug|iPhone.ActiveCfg = Debug|Any CPU
		{266AF331-6B1E-4273-9058-535D94FB7410}.Debug|iPhone.Build.0 = Debug|Any CPU
		{266AF331-6B1E-4273-9058-535D94FB7410}.Debug|iPhoneSimulator.ActiveCfg = Debug|Any CPU
		{266AF331-6B1E-4273-9058-535D94FB7410}.Debug|iPhoneSimulator.Build.0 = Debug|Any CPU
		{266AF331-6B1E-4273-9058-535D94FB7410}.Release|Any CPU.ActiveCfg = Release|Any CPU
		{266AF331-6B1E-4273-9058-535D94FB7410}.Release|Any CPU.Build.0 = Release|Any CPU
		{266AF331-6B1E-4273-9058-535D94FB7410}.Release|iPhone.ActiveCfg = Release|Any CPU
		{266AF331-6B1E-4273-9058-535D94FB7410}.Release|iPhone.Build.0 = Release|Any CPU
		{266AF331-6B1E-4273-9058-535D94FB7410}.Release|iPhoneSimulator.ActiveCfg = Release|Any CPU
		{266AF331-6B1E-4273-9058-535D94FB7410}.Release|iPhoneSimulator.Build.0 = Release|Any CPU
	EndGlobalSection
	GlobalSection(SolutionProperties) = preSolution
		HideSolutionNode = FALSE
	EndGlobalSection
	GlobalSection(ExtensibilityGlobals) = postSolution
		SolutionGuid = {C90DAE77-4E72-4BBA-A8C7-6DC7FDDFF960}
	EndGlobalSection
EndGlobal
